
Microsoft Visual Studio Solution File, Format Version 12.00
# Visual Studio Version 17
VisualStudioVersion = 17.8.34205.153
MinimumVisualStudioVersion = 10.0.40219.1
Project("{FAE04EC0-301F-11D3-BF4B-00C04F79EFBC}") = "xml2xaml", "xml2xaml\xml2xaml.csproj", "{30D7AF32-38CA-4830-93BE-4671530424E5}"
EndProject
Global
	GlobalSection(SolutionConfigurationPlatforms) = preSolution
		Debug|Any CPU = Debug|Any CPU
		Release|Any CPU = Release|Any CPU
	EndGlobalSection
	GlobalSection(ProjectConfigurationPlatforms) = postSolution
		{30D7AF32-38CA-4830-93BE-4671530424E5}.Debug|Any CPU.ActiveCfg = Debug|Any CPU
		{30D7AF32-38CA-4830-93BE-4671530424E5}.Debug|Any CPU.Build.0 = Debug|Any CPU
		{30D7AF32-38CA-4830-93BE-4671530424E5}.Release|Any CPU.ActiveCfg = Release|Any CPU
		{30D7AF32-38CA-4830-93BE-4671530424E5}.Release|Any CPU.Build.0 = Release|Any CPU
	EndGlobalSection
	GlobalSection(SolutionProperties) = preSolution
		HideSolutionNode = FALSE
	EndGlobalSection
	GlobalSection(ExtensibilityGlobals) = postSolution
		SolutionGuid = {9691DD2A-5CEB-473F-8591-EB2E60F100DA}
	EndGlobalSection
EndGlobal
